
Microsoft Visual Studio Solution File, Format Version 12.00
# Visual Studio Version 17
VisualStudioVersion = 17.14.36518.9 d17.14
MinimumVisualStudioVersion = 10.0.40219.1
Project("{8BC9CEB8-8B4A-11D0-8D11-00A0C91BC942}") = "Chapter 3.5 programming challenge", "Chapter 3.5 programming challenge\Chapter 3.5 programming challenge.vcxproj", "{5A233BE7-FBA5-4338-8C3E-8939658EDD0A}"
EndProject
Global
	GlobalSection(SolutionConfigurationPlatforms) = preSolution
		Debug|x64 = Debug|x64
		Debug|x86 = Debug|x86
		Release|x64 = Release|x64
		Release|x86 = Release|x86
	EndGlobalSection
	GlobalSection(ProjectConfigurationPlatforms) = postSolution
		{5A233BE7-FBA5-4338-8C3E-8939658EDD0A}.Debug|x64.ActiveCfg = Debug|x64
		{5A233BE7-FBA5-4338-8C3E-8939658EDD0A}.Debug|x64.Build.0 = Debug|x64
		{5A233BE7-FBA5-4338-8C3E-8939658EDD0A}.Debug|x86.ActiveCfg = Debug|Win32
		{5A233BE7-FBA5-4338-8C3E-8939658EDD0A}.Debug|x86.Build.0 = Debug|Win32
		{5A233BE7-FBA5-4338-8C3E-8939658EDD0A}.Release|x64.ActiveCfg = Release|x64
		{5A233BE7-FBA5-4338-8C3E-8939658EDD0A}.Release|x64.Build.0 = Release|x64
		{5A233BE7-FBA5-4338-8C3E-8939658EDD0A}.Release|x86.ActiveCfg = Release|Win32
		{5A233BE7-FBA5-4338-8C3E-8939658EDD0A}.Release|x86.Build.0 = Release|Win32
	EndGlobalSection
	GlobalSection(SolutionProperties) = preSolution
		HideSolutionNode = FALSE
	EndGlobalSection
	GlobalSection(ExtensibilityGlobals) = postSolution
		SolutionGuid = {ED089F95-E516-4529-9DF6-C76EAF93DB9E}
	EndGlobalSection
EndGlobal
